<Solution>
  <Folder Name="/Solution Items/">
    <File Path=".editorconfig" />
    <File Path="AGENTS.md" />
    <File Path="Directory.build.props" />
    <File Path="Directory.Packages.props" />
  </Folder>
  <Folder Name="/src/" />
  <Folder Name="/src/Api/">
    <Project Path="SiloSync.Api/SiloSync.Api.csproj" />
  </Folder>
  <Folder Name="/src/Service/">
    <Project Path="SiloSync.Service/SiloSync.Service.csproj" />
  </Folder>
  <Folder Name="/src/Shared/">
    <Project Path="SiloSync.Shared/SiloSync.Shared.csproj" />
  </Folder>
  <Folder Name="/src/UI/">
    <Project Path="SiloSync.UI/SiloSync.UI.csproj" Id="6dab38cd-5633-482d-ab70-828c8d2d1b44" />
  </Folder>
</Solution>
